{
  "name": "planfixfix",
  "version": "1.4.14",
  "lockfileVersion": 1,
  "requires": true,
  "dependencies": {
    "@types/jquery": {
      "version": "1.10.27",
      "resolved": "https://registry.npmjs.org/@types/jquery/-/jquery-1.10.27.tgz",
      "integrity": "sha1-Se9TX4lVlAh2EmGpzSMlLLtuN0s="
    }
  }
}
